golang.org/x/mod v0.5.0 h1:UG21uOlmZabA4fW5i7ZX6bjw1xELEGg/ZLgZq9auk/Q=
golang.org/x/mod v0.5.0/go.mod h1:5OXOZSfqPIIbmVBIIKWRFfZjPR0E5r58TLhUjH0a2Ro=
golang.org/x/xerrors v0.0.0-20191011141410-1b5146add898 h1:/atklqdjdhuosWIl6AIbOeHJjicWYPqR9bpxqxYG2pA=
golang.org/x/xerrors v0.0.0-20191011141410-1b5146add898/go.mod h1:I/5z698sn9Ka8TeJc9MKroUUfqBBauWjQqLJ2OPfmY0=
tekao.net/jnigi v0.0.0-20201212091834-f7b899046676 h1:ZEkhDs0eKEynaUD1XX/WnQCD5/zoEUyMkDx5DbvVq7g=
tekao.net/jnigi v0.0.0-20201212091834-f7b899046676/go.mod h1:SmVvXetJ8N0ov5c2eOC+IxmkdYGEyuXghTuBq5HWZ/Y=
